# This file is @generated by PDM.
# It is not intended for manual editing.

[[package]]
name = "pygame"
version = "2.1.3"
requires_python = ">=3.6"
summary = "Python Game Development"

[metadata]
lock_version = "4.1"
content_hash = "sha256:3847f09f6e62263507178c415c1e1c965faeecb4103cace0dd263b9b53032534"

[metadata.files]
"pygame 2.1.3" = [
    {url = "https://files.pythonhosted.org/packages/04/02/3b1946e0e1ea896961d783aafe143570e5fcf19f6ada3b5d78178fe07fcd/pygame-2.1.3-pp38-pypy38_pp73-manylinux_2_17_i686.manylinux2014_i686.whl", hash = "sha256:76f8207ed3feeda63df711245bec8613809b7aea71db7d0a1515268c5bd6f52d"},
    {url = "https://files.pythonhosted.org/packages/05/62/18d1c0f51b8744c0bdf90f7fcf1997e5e88bec377492d73558038a403f29/pygame-2.1.3-cp36-cp36m-manylinux_2_17_aarch64.manylinux2014_aarch64.whl", hash = "sha256:154a0a0a953006e8ab90353055037b6710e00aa19941e2fbc1b4f0358e1a4882"},
    {url = "https://files.pythonhosted.org/packages/06/83/a49d8f29676456a76ca7c4e0c5ef7fa742f04bb1542622126ef0f2078787/pygame-2.1.3-cp39-cp39-manylinux_2_17_x86_64.manylinux2014_x86_64.whl", hash = "sha256:41baee1b5502b7472df0eb59af66ee347ac8ef042b08b553c85546e34daa736a"},
    {url = "https://files.pythonhosted.org/packages/0a/26/a67a174cf9507115e550f8aabbc4edd28d856ea5a6acd5c8dbf6e96b0436/pygame-2.1.3-cp38-cp38-manylinux_2_5_i686.manylinux1_i686.whl", hash = "sha256:4908fc837fd9f68b6cfdfeffb99b342c25cf770d76768498dc4c066c2f8b2776"},
    {url = "https://files.pythonhosted.org/packages/0a/41/d683c696042509a51481800bf066c1123a8c93bca22b3f26bd5b91d61c55/pygame-2.1.3-cp38-cp38-manylinux_2_17_aarch64.manylinux2014_aarch64.whl", hash = "sha256:7cd54e859e1b626c332e254128db30e5d6d33544c10154a1ec7a052cac6a50a4"},
    {url = "https://files.pythonhosted.org/packages/0b/11/d24fe2398308ba98b9d51f89991a985bc566650dcbec9b1381ac2d8b6476/pygame-2.1.3-cp38-cp38-manylinux_2_12_i686.manylinux2010_i686.whl", hash = "sha256:5581841a9baa902d7efc243d3d03ae380f929e90d98ecccbbd49b1fa03e0a6ff"},
    {url = "https://files.pythonhosted.org/packages/0e/d0/9149977397e2cb04ecbd8d5ce0295ced8b2006f92eb3320ec34e75d2a1dd/pygame-2.1.3-cp38-cp38-win32.whl", hash = "sha256:867498b0ac20f5c981dcc3ee00262d06b3806b355c632f42c11f5b716ccb2ba1"},
    {url = "https://files.pythonhosted.org/packages/10/77/046cea97fc9b565fa40b23d857a10e6a1a2b2353676e012201d9b5333ff6/pygame-2.1.3-cp39-cp39-manylinux_2_17_i686.manylinux2014_i686.whl", hash = "sha256:06e8e4d04f8d57969689d9316bbffc7e4b9862534541535b6e892e410c4f4248"},
    {url = "https://files.pythonhosted.org/packages/11/01/76283c2e2902b4b8e2dffa2265da418e1d398c812e43ed6b155df57a3340/pygame-2.1.3-cp310-cp310-macosx_10_9_x86_64.whl", hash = "sha256:bfc8a0d863470ec673ff267caaff59b858e967ef78170dc04fc318a7c5f9dd33"},
    {url = "https://files.pythonhosted.org/packages/11/8b/d0f9fae7ee0f958c6812dead324af0de31db89f80967e36531e06112b960/pygame-2.1.3-cp310-cp310-manylinux_2_17_x86_64.manylinux2014_x86_64.whl", hash = "sha256:b75481cc17a22679c69014ef2322d55cfa66be0923abbd9206e01ef10bb5dab6"},
    {url = "https://files.pythonhosted.org/packages/12/cf/c41847954e7f3a0b7a6a552aadb259785ceb1d34da2ec6f2caba54d8bf45/pygame-2.1.3-cp38-cp38-manylinux_2_5_x86_64.manylinux1_x86_64.whl", hash = "sha256:fa8efe34b13a6bfb37e627c2b28e9967b87cd01de92cd000852e08ef8aed1cf0"},
    {url = "https://files.pythonhosted.org/packages/13/e5/59674f26041c6b1d3ba4d1ae126613760c2eae48e2bc85b388ae7426e760/pygame-2.1.3-cp39-cp39-macosx_11_0_arm64.whl", hash = "sha256:af925800444941cea5e45eb94954e5335006fb1b5d35d996e22b3f616e9e0e8e"},
    {url = "https://files.pythonhosted.org/packages/15/18/2713ea73de2b3f3968de05bb5ef913aa26db61e78a0871b08ce11e3de9f2/pygame-2.1.3-cp36-cp36m-macosx_10_9_x86_64.whl", hash = "sha256:f71cfb9f161473511543ba8e713f1b34c6b00c70412ecd2d71111da82fe7f062"},
    {url = "https://files.pythonhosted.org/packages/17/39/7890932b270e71a35b9daa88bf6700504c45c6eba3e6ff524829ad42f8db/pygame-2.1.3-pp39-pypy39_pp73-manylinux_2_17_i686.manylinux2014_i686.whl", hash = "sha256:2f2c3c25a1018495011dd0734df4f23ddf6e88037e884b9ecb03ef33a17c5b4c"},
    {url = "https://files.pythonhosted.org/packages/1c/48/d2079a080e05797344b05b0dffc57dbf3d4f373598f53e0374918a2ae591/pygame-2.1.3-cp36-cp36m-win_amd64.whl", hash = "sha256:0b182a6010f16571b1a92e34208ac1e9ad01a725f2fa3c1ad158c4b515ae12de"},
    {url = "https://files.pythonhosted.org/packages/23/c4/64a649c9c9dc649c8c01d7f1027c0656155fc48ba17e6fdd2cb38a993610/pygame-2.1.3-cp311-cp311-win_amd64.whl", hash = "sha256:e18c6b0fa9e39ad3fe68e48ace92285c026ee70f05bf4dfa54a33fa89f7a0474"},
    {url = "https://files.pythonhosted.org/packages/24/13/50171446831aa5c967af95d9804bb4b005aade24b29fd05fd174fe7e028e/pygame-2.1.3-cp38-cp38-macosx_11_0_arm64.whl", hash = "sha256:c473efee52359806d8c0a876f42ccb7ead088e7ae8f5d31e6e43f94793c943ea"},
    {url = "https://files.pythonhosted.org/packages/25/10/e6e9cb9ebd05f472ae366453add575e5bd0451aef8e2c685f2d572c5e43f/pygame-2.1.3-cp310-cp310-macosx_11_0_arm64.whl", hash = "sha256:64d37dc04a14df9519e2e87611cac6a144c6204365e3fdb0bfb86fa459e32f38"},
    {url = "https://files.pythonhosted.org/packages/25/2c/71e46464b40ffd2910db3fb30e94f8229436dfacf0245d141384bd716993/pygame-2.1.3-cp37-cp37m-manylinux_2_17_aarch64.manylinux2014_aarch64.whl", hash = "sha256:f5760ea0f181c8395bc39fdb50000ce2b77d453ba4c0d98e00303a89af6ae5f0"},
    {url = "https://files.pythonhosted.org/packages/25/be/c25b6519fc71316b1253015dec633e01f346a9c27dbd1889d076f476d712/pygame-2.1.3-cp39-cp39-macosx_10_9_x86_64.whl", hash = "sha256:565cccf5bf47e2ec577a0c237919aef9da66d075e982d339fae31e37734e02b8"},
    {url = "https://files.pythonhosted.org/packages/32/1b/173505e1437ad9edb8c7a7cfce70225e540b5be9aae40c5c59528fe2c413/pygame-2.1.3-cp310-cp310-win_amd64.whl", hash = "sha256:ba578c5cac85358566de3010b3f3393df3b936b310eba6811abbae5241ec19c0"},
    {url = "https://files.pythonhosted.org/packages/39/ae/7c17536b063d47cdbabf14f4cf01ce7126898b3a4bddf88ead383017969b/pygame-2.1.3-cp310-cp310-manylinux_2_17_i686.manylinux2014_i686.whl", hash = "sha256:009e9886a463f4cb86e5d11024fafb6b9a5f5808d21c4df66938922adc6ee90b"},
    {url = "https://files.pythonhosted.org/packages/3d/42/55623b0627bfbb4fb0f28c412fc6365697639357d04d97edfa652f58c2b9/pygame-2.1.3-cp310-cp310-manylinux_2_17_aarch64.manylinux2014_aarch64.whl", hash = "sha256:ab841fe3a4c703cc021d3bb466a9bf5df41edfa3267c44fff5bd6f47944cd4c3"},
    {url = "https://files.pythonhosted.org/packages/3d/f7/8a9e27881fb71d700e45efe2be6ab2833caae92a388918edcd7e5f452234/pygame-2.1.3-cp37-cp37m-manylinux_2_12_x86_64.manylinux2010_x86_64.whl", hash = "sha256:caa4c10f79793b7be9eb1e647f84eee3e9ebb79d143d72eecaaaeb94eb44e1c1"},
    {url = "https://files.pythonhosted.org/packages/3e/71/75bd67484ccb57c684765dd684f51bd415c6b262935cd93fd44129d62240/pygame-2.1.3-pp37-pypy37_pp73-manylinux_2_12_x86_64.manylinux2010_x86_64.whl", hash = "sha256:704cb29a380b8e84d4051300e7eccd918e35cb8c44ae931fc0ec8c942e42c71f"},
    {url = "https://files.pythonhosted.org/packages/40/86/7848f5449bd2a200a44f20340f0f73fd6488e8cdd85f7671867086adbb2c/pygame-2.1.3-cp37-cp37m-macosx_10_9_x86_64.whl", hash = "sha256:240f920f846150ffb2c217d75cd1005989fbedd007df82949db361934bfa9660"},
    {url = "https://files.pythonhosted.org/packages/48/c8/5cee207cab92e2bb30cebddba4a2dc80866120acbf7abf88b89ab7b5a69d/pygame-2.1.3-cp39-cp39-manylinux_2_12_i686.manylinux2010_i686.whl", hash = "sha256:50934f9efc6f51d1c4408b607d34162f74ec0763628c6384e062f6bc3e97d98a"},
    {url = "https://files.pythonhosted.org/packages/50/49/7a93a6db125759eda139a60bbb8619d58ded5dc0b61696b881ed176d5bfe/pygame-2.1.3-cp310-cp310-manylinux_2_12_x86_64.manylinux2010_x86_64.whl", hash = "sha256:6403f1705fc3b4fc2a51e06f3a7102cc1ed9884dc9ff5b99a4cac0d65255ad58"},
    {url = "https://files.pythonhosted.org/packages/58/68/8ed3dedb39c7433fcfb639efde00c7347d76caa30bfe3c92e1e41cbf583d/pygame-2.1.3-cp36-cp36m-manylinux_2_17_i686.manylinux2014_i686.whl", hash = "sha256:787fff1984107da0c533d2e87c85b0082788c8b24952adf9f0bc6459be485e7f"},
    {url = "https://files.pythonhosted.org/packages/5a/3c/daad71df5af05763932ef0c39c2d95be0d45f14fb7064636b77d933acade/pygame-2.1.3-cp38-cp38-manylinux_2_17_x86_64.manylinux2014_x86_64.whl", hash = "sha256:e26c4bb679e7514a7f6c69ca8a68a495013bf46f200476d334459c44a733356f"},
    {url = "https://files.pythonhosted.org/packages/65/ef/3e60d6188b8413da34f7013c7a24dabf80802c54839236fffe0a2a693ab1/pygame-2.1.3-cp37-cp37m-manylinux_2_5_i686.manylinux1_i686.whl", hash = "sha256:b358abc054bf94fede79bb213f7ac9dd8a8737c8ac48a6bb0fa72314c147bd76"},
    {url = "https://files.pythonhosted.org/packages/67/4e/d88d57af97249b10c01201f4ec6e26e601a14377612853c662bb956990c8/pygame-2.1.3-cp39-cp39-manylinux_2_5_x86_64.manylinux1_x86_64.whl", hash = "sha256:b0bfcc7359308748edfe277137efd19f21e5b22373f106848d64dc048db22701"},
    {url = "https://files.pythonhosted.org/packages/67/c9/d74d805d61c442b7cf0df4b22b390d82e67d7d68df2c6340dfbc202c15e8/pygame-2.1.3-cp37-cp37m-manylinux_2_17_x86_64.manylinux2014_x86_64.whl", hash = "sha256:a139c4290fa5227ccead2c57f6e41195c22f643e0fb7336c9da0c734c9df3cd4"},
    {url = "https://files.pythonhosted.org/packages/70/4b/7289b86444c4ccbb48f174de1a628a394a4b86d8cf584d2aa8f02e6e92ea/pygame-2.1.3-cp39-cp39-manylinux_2_5_i686.manylinux1_i686.whl", hash = "sha256:0745fc99d104c71bf90c70c09a541b7922ba47391e16e9629490722fc1f3e46b"},
    {url = "https://files.pythonhosted.org/packages/70/99/3d9f6a12e3782d744ba2a72c4efb68422a7cf41c49dc21f30aaa03934008/pygame-2.1.3-cp36-cp36m-manylinux_2_12_x86_64.manylinux2010_x86_64.whl", hash = "sha256:868ec3a2b87fdca43b4f4ef8314d4fb00c4d9ef6e732f5a9b0348ae3d015de3d"},
    {url = "https://files.pythonhosted.org/packages/71/d2/c0b7d86ae896dd387cbe258e78a97fce3dee973beba0375d82c55196f056/pygame-2.1.3-cp37-cp37m-manylinux_2_5_x86_64.manylinux1_x86_64.whl", hash = "sha256:c9d827fbd093d5d4ef35bd9ec2994535b5f37af15860975be7e59a2d415b51c7"},
    {url = "https://files.pythonhosted.org/packages/77/1d/189d25b4367fc4d928824ebe7bfd03a20747ec55951038ed213af42764f2/pygame-2.1.3-cp310-cp310-win32.whl", hash = "sha256:1924826a32cc49c0d6b2e523f05e2ea608e1ff631ba595a910ddf37a8b38ee77"},
    {url = "https://files.pythonhosted.org/packages/7f/21/2aec0d2568ef49abd4b9a9e7559ea40c5fb5df9a3eabd94c0adff0a6073c/pygame-2.1.3-cp311-cp311-macosx_11_0_arm64.whl", hash = "sha256:217072e80f470847e121b5c5658f89be35e2c1c3ab23d4126fe80fc64fd34d27"},
    {url = "https://files.pythonhosted.org/packages/80/ca/9010783cbe3790afc0c078c3891ce5fb429f67b7ddf13ec7b7bacd44958a/pygame-2.1.3-cp311-cp311-manylinux_2_17_x86_64.manylinux2014_x86_64.whl", hash = "sha256:f04d89bdf7951e9fde68c7174b522befd9ae6e5c2a75d195435223df044aaacc"},
    {url = "https://files.pythonhosted.org/packages/81/c6/88f8a06b7d77714a5750a8d230f45fc0c2d4e15ec81e4f97d7469bd7d2ed/pygame-2.1.3-cp38-cp38-win_amd64.whl", hash = "sha256:7b06978de0400276e451cbbbba80cc9566cf5663dbb8518b7ec598078440de06"},
    {url = "https://files.pythonhosted.org/packages/81/f8/2dac5cd0ff4f2bc1a1fc2ead8733218f79e4cad8d6263573cd0f0e36e5e9/pygame-2.1.3-cp36-cp36m-manylinux_2_17_x86_64.manylinux2014_x86_64.whl", hash = "sha256:bf5b5fbb526fe76b0eb5a076b94afd29e0a91bc1ba9d6b573fad9722b7e8a5d9"},
    {url = "https://files.pythonhosted.org/packages/87/d7/02ce7be3c8b5e09fb14568ceddfad773fc2b72bd5299dc046af80a10b588/pygame-2.1.3-cp310-cp310-manylinux_2_12_i686.manylinux2010_i686.whl", hash = "sha256:d9764bb10f61a1137aa1118b832417c52e53da19971f4fa94605ea5bd4acc92b"},
    {url = "https://files.pythonhosted.org/packages/89/75/22d252e3e71f16463c29958fb7175d700f863f2dcdd440952e2403dc7076/pygame-2.1.3-cp37-cp37m-win_amd64.whl", hash = "sha256:0e8cb75c4cb8ae512e4f3d5410ea64359b049f7825a6e8a9010fdf5c539b8433"},
    {url = "https://files.pythonhosted.org/packages/8a/6f/cb9da70ff914b07a98a1be42654bdc88f18352d862259c83f639f49f8ae5/pygame-2.1.3-pp37-pypy37_pp73-manylinux_2_12_i686.manylinux2010_i686.whl", hash = "sha256:ad0835f1406a8589ebe7447801a47ff68c16b753d2b27193947e21c8adbac8c1"},
    {url = "https://files.pythonhosted.org/packages/8a/9a/c194065c43ca414483674072540ef5d71b8e4e968202f748ed64b8a1b5ac/pygame-2.1.3-cp36-cp36m-manylinux_2_5_x86_64.manylinux1_x86_64.whl", hash = "sha256:261fd434d869e1ae285b3ca90112d62c712fde53679e1bce3dfcee79e93f2b06"},
    {url = "https://files.pythonhosted.org/packages/8a/e5/6f7d5ac97e8d6c30b2e686a5ccd12e4254beff52333528277d0f0d0270fd/pygame-2.1.3-pp37-pypy37_pp73-manylinux_2_17_x86_64.manylinux2014_x86_64.whl", hash = "sha256:f26e9f1385dddffe605d8afbcba1f90f81156deadbc27327dcc844eb71e24ffa"},
    {url = "https://files.pythonhosted.org/packages/8d/78/819c3665f1f3e0ac71aeacc9f63d6ece23138cbae6ce92ea9c8d06104f60/pygame-2.1.3.tar.gz", hash = "sha256:df29c4369df9231eebffac801fa7af021279d7e9dc4c1cae698cc4077c98d069"},
    {url = "https://files.pythonhosted.org/packages/96/65/38a333e19fa24e5abaa91256382672ad066666970040d3d0c662c2ad7abf/pygame-2.1.3-cp311-cp311-macosx_10_9_x86_64.whl", hash = "sha256:cb0493d0f7fa378fccfc65548aec92edeadbde981c964337f11c884432bfaa35"},
    {url = "https://files.pythonhosted.org/packages/97/10/7e6d3d42f2f83ffa0c9e8e6cf046ce614f43b7dbd09b47f6c1cbf258b148/pygame-2.1.3-cp37-cp37m-manylinux_2_17_i686.manylinux2014_i686.whl", hash = "sha256:bc1bbb23e4f32b361956275bdde5992893981362fd37c0e62586537400bd4a4b"},
    {url = "https://files.pythonhosted.org/packages/97/ac/a766e67081d25193bc0a965dac11c8df0457f6e3021af27a9cc150f33b6d/pygame-2.1.3-cp36-cp36m-win32.whl", hash = "sha256:1e083351df89cc0f9ce003cff003d420fa0362e9fd00a793c9a68fc8cd0a2e5f"},
    {url = "https://files.pythonhosted.org/packages/97/c1/2765fd51d5a928513b102b60724a57cc87d33f4f4bf6d5b8925a301ff405/pygame-2.1.3-pp37-pypy37_pp73-macosx_10_9_x86_64.whl", hash = "sha256:595b639fab8a1acafe78050ef71668eae0a22fb5efa022b0cd2bce26a15a371d"},
    {url = "https://files.pythonhosted.org/packages/9a/71/cf1f1604b5cd9d224d415a61f4b1160efe842c5ef03fd60676775963cb27/pygame-2.1.3-cp36-cp36m-manylinux_2_5_i686.manylinux1_i686.whl", hash = "sha256:2fbbd59b95017824a9b7c3695b13f2df27a64c557c42970a6cad2e26dd5f4f31"},
    {url = "https://files.pythonhosted.org/packages/9c/90/a1529bf16119f239bc8dae85d67df4a8ccb07fd9ff8a403bbab735d542d6/pygame-2.1.3-pp36-pypy36_pp73-win32.whl", hash = "sha256:8fa2701374d3125084b2fd1f9c6d056e7e0fb8ec655e46a5fa1531b7e419fa69"},
    {url = "https://files.pythonhosted.org/packages/a6/66/bdf3fd40c7513c6a8a2e4630d18e821b2c6e57f6c15e31c02fd771a15f34/pygame-2.1.3-pp38-pypy38_pp73-manylinux_2_17_x86_64.manylinux2014_x86_64.whl", hash = "sha256:ff16c4cffa9958935d39eed73e5a707fc6e86b85f1ec06baf7172c555801730d"},
    {url = "https://files.pythonhosted.org/packages/a6/db/2463e6b95582903747d3720569feb25225735aa9124ffa5d5fd351256d25/pygame-2.1.3-cp311-cp311-manylinux_2_17_aarch64.manylinux2014_aarch64.whl", hash = "sha256:55374e1afb72c6dc546fb1d9ac972de2adf642de69ec7003e66023254512f1e5"},
    {url = "https://files.pythonhosted.org/packages/ac/7a/edd525b2ac4ba9a507a0a11c2de3ce365d22bf9054aaf6b51e30510d67d5/pygame-2.1.3-cp311-cp311-manylinux_2_17_i686.manylinux2014_i686.whl", hash = "sha256:a9f24b4aeba86e882f3640c4251b0325f86556a5f2661bd7c9e3dc1c9fe966c6"},
    {url = "https://files.pythonhosted.org/packages/b9/a5/0f27eae485277d8f32897e6701ed650993c30d39ccd71f86cfa8cd70a46c/pygame-2.1.3-pp38-pypy38_pp73-macosx_10_9_x86_64.whl", hash = "sha256:f9fe7d817ae099f1b1fd0aac7502f7472a3ba18b068efa3dc30b5d293760565a"},
    {url = "https://files.pythonhosted.org/packages/b9/ac/26230d700c03bdf79cf1047dc57e15eadd0a4ada7718afe3d7e97d3e94c5/pygame-2.1.3-cp38-cp38-macosx_10_9_x86_64.whl", hash = "sha256:a0420eb1015abb3ebba4d29c1239010eac4d82a36b94659847d18af218293aa4"},
    {url = "https://files.pythonhosted.org/packages/c6/5c/6b69b6d9d3b3bf156db2893f8d7252c239cf522ba43dbc3538e4a9356d45/pygame-2.1.3-cp37-cp37m-win32.whl", hash = "sha256:97b0ec29c9810ca1125df013656e13a89388e5ca72fdd4d900235bceaed30349"},
    {url = "https://files.pythonhosted.org/packages/c7/f3/500a5222ee49875fddff468bc69b7ab76278437f132ee6f339648c81e900/pygame-2.1.3-cp311-cp311-win32.whl", hash = "sha256:bf1024e516fd3a3948ec45f0ad3b63e69f66c342e4678b2e04a383f735272b8f"},
    {url = "https://files.pythonhosted.org/packages/c9/c7/35a9d65b8e37d4a9053d9526b886919ce51ea9be12e76cc83694f0d8c33e/pygame-2.1.3-cp37-cp37m-manylinux_2_12_i686.manylinux2010_i686.whl", hash = "sha256:4ef7f1f7d37ffddee63569b5d09f693d0704b04e7c2ff5af90bf61e4cdffe6c7"},
    {url = "https://files.pythonhosted.org/packages/cc/72/29ede865bf96b8e8fcf87b7da78fd32e8104ee7c64da5beb907b5b804bc1/pygame-2.1.3-cp39-cp39-win32.whl", hash = "sha256:df450cc4342d5664accfdd895c5ee380710eaf16942722117c01deab3373bb35"},
    {url = "https://files.pythonhosted.org/packages/d0/2a/51b2056b119b87f2c3f85c9e3402bb098806302cf3cf3c197746133255da/pygame-2.1.3-cp36-cp36m-manylinux_2_12_i686.manylinux2010_i686.whl", hash = "sha256:21a4fbc7462d3b8bd9692a6198fb031a80a85e7ac24cfcee382901b2b57db67c"},
    {url = "https://files.pythonhosted.org/packages/d4/58/691c19bcbad4dee69ec3a24010bd8178d33b6ff5671746ff3f80851609a5/pygame-2.1.3-cp39-cp39-manylinux_2_17_aarch64.manylinux2014_aarch64.whl", hash = "sha256:45cfe97fa4de560d866f53afbf3c61136bfb4114eb585ac4b6c82c278baf2c1c"},
    {url = "https://files.pythonhosted.org/packages/d5/f4/1f867e7219ca254c9e9fdd5ddef0aa131828a3728662b8b24344e14520ea/pygame-2.1.3-cp38-cp38-manylinux_2_12_x86_64.manylinux2010_x86_64.whl", hash = "sha256:1758bbf986efc9f08344c7eae733f6d04f596745f737bc4c02412b809ac65d58"},
    {url = "https://files.pythonhosted.org/packages/da/cc/569f8d7de77d9d51c6f382699fd107be1827bed24b93648c98f4c264847f/pygame-2.1.3-cp39-cp39-manylinux_2_12_x86_64.manylinux2010_x86_64.whl", hash = "sha256:5624318d189403dde7c58bdb62c340edd0faad6f18a6cf46a9f6923a66db2ba4"},
    {url = "https://files.pythonhosted.org/packages/db/30/4492c8efd177f5c4fc024c17268e0d57f068300a656398d29846f8b68e30/pygame-2.1.3-cp38-cp38-manylinux_2_17_i686.manylinux2014_i686.whl", hash = "sha256:986805fbc0827bf8b8dd8c52aa4ce2fbd4475d51fe1df326bf3e788c1b9f59fd"},
    {url = "https://files.pythonhosted.org/packages/e0/71/fbf4dee5e69f7fd2e606c7c91e448d631acece3d61b2c60b7b14a7395e90/pygame-2.1.3-cp39-cp39-win_amd64.whl", hash = "sha256:d61bbd7a071d80706fd6337abd96484398dc04b3245e8e5df4e7c99e3676086b"},
    {url = "https://files.pythonhosted.org/packages/e6/e6/0340a78009ea30083ff7e17aad8043aa74b860b3de20ba1b2b2e1f2ba661/pygame-2.1.3-pp39-pypy39_pp73-macosx_10_9_x86_64.whl", hash = "sha256:6d138b15cf378b3755e1e48ea49f0f0406067ada2c176bc6489e70bc836ab72d"},
    {url = "https://files.pythonhosted.org/packages/ea/21/6004f27414a49d313c44c447582b853c14b700e808417ea97a61628ea0ef/pygame-2.1.3-pp37-pypy37_pp73-manylinux_2_17_i686.manylinux2014_i686.whl", hash = "sha256:787c1f46905c2f6dd0310144fa7c61cb54d97990c477992601555edf01699f95"},
    {url = "https://files.pythonhosted.org/packages/f7/83/fb53fd868e910f509d6cdd6ec7b99eb99af9dbadc102b48115b71f5696fc/pygame-2.1.3-pp39-pypy39_pp73-manylinux_2_17_x86_64.manylinux2014_x86_64.whl", hash = "sha256:cd259998a71a2f7793a4e5d5fc31493f7c7d9ec73e4320895145e7dbc1c8e48d"},
]
